
Microsoft Visual Studio Solution File, Format Version 12.00
# Visual Studio Version 17
VisualStudioVersion = 17.14.36109.1 d17.14
MinimumVisualStudioVersion = 10.0.40219.1
Project("{FAE04EC0-301F-11D3-BF4B-00C04F79EFBC}") = "Indent_Dev", "Indent_Dev.csproj", "{3F3A52C9-247B-491F-B2C5-6D123AB3D2D0}"
EndProject
Global
	GlobalSection(SolutionConfigurationPlatforms) = preSolution
		Debug|Any CPU = Debug|Any CPU
		Release|Any CPU = Release|Any CPU
	EndGlobalSection
	GlobalSection(ProjectConfigurationPlatforms) = postSolution
		{3F3A52C9-247B-491F-B2C5-6D123AB3D2D0}.Debug|Any CPU.ActiveCfg = Debug|Any CPU
		{3F3A52C9-247B-491F-B2C5-6D123AB3D2D0}.Debug|Any CPU.Build.0 = Debug|Any CPU
		{3F3A52C9-247B-491F-B2C5-6D123AB3D2D0}.Release|Any CPU.ActiveCfg = Release|Any CPU
		{3F3A52C9-247B-491F-B2C5-6D123AB3D2D0}.Release|Any CPU.Build.0 = Release|Any CPU
	EndGlobalSection
	GlobalSection(SolutionProperties) = preSolution
		HideSolutionNode = FALSE
	EndGlobalSection
	GlobalSection(ExtensibilityGlobals) = postSolution
		SolutionGuid = {8DB6CCA7-28C8-41FA-A5D8-D7795FA25DAE}
	EndGlobalSection
EndGlobal
